{
  "name": "WebClone",
  "lockfileVersion": 3,
  "requires": true,
  "packages": {
    "": {
      "dependencies": {
        "js-chess-engine": "^1.0.2"
      }
    },
    "node_modules/js-chess-engine": {
      "version": "1.0.2",
      "resolved": "https://registry.npmjs.org/js-chess-engine/-/js-chess-engine-1.0.2.tgz",
      "integrity": "sha512-oOFuP3/+Ef7SAWcL+8tDAQNcPFuyul6XI/2NypRblqchI4UbYkWNNxVi//XEQW8L242Jk21ljLhllSyRGEFlGg==",
      "license": "MIT"
    }
  }
}
